
Microsoft Visual Studio Solution File, Format Version 12.00
Project("{FAE04EC0-301F-11D3-BF4B-00C04F79EFBC}") = "DayOne", "DayOne\DayOne.csproj", "{1BF62AF5-FE98-45D3-B902-B86FE606B029}"
EndProject
Project("{FAE04EC0-301F-11D3-BF4B-00C04F79EFBC}") = "DayTwo", "DayTwo\DayTwo.csproj", "{322D7E90-CDFE-4F13-AD1A-80899F1435F0}"
EndProject
Project("{FAE04EC0-301F-11D3-BF4B-00C04F79EFBC}") = "DayThree", "DayThree\DayThree.csproj", "{0C692812-2175-4F7E-8415-016DBF2C8841}"
EndProject
Project("{FAE04EC0-301F-11D3-BF4B-00C04F79EFBC}") = "DayFour", "DayFour\DayFour.csproj", "{DBB0A173-A048-425A-9BEA-318D3047DA35}"
EndProject
Project("{FAE04EC0-301F-11D3-BF4B-00C04F79EFBC}") = "DayFive", "DayFive\DayFive.csproj", "{8825B880-F4FA-45A8-ADD8-D61AAB4AB055}"
EndProject
Global
	GlobalSection(SolutionConfigurationPlatforms) = preSolution
		Debug|Any CPU = Debug|Any CPU
		Release|Any CPU = Release|Any CPU
	EndGlobalSection
	GlobalSection(ProjectConfigurationPlatforms) = postSolution
		{1BF62AF5-FE98-45D3-B902-B86FE606B029}.Debug|Any CPU.ActiveCfg = Debug|Any CPU
		{1BF62AF5-FE98-45D3-B902-B86FE606B029}.Debug|Any CPU.Build.0 = Debug|Any CPU
		{1BF62AF5-FE98-45D3-B902-B86FE606B029}.Release|Any CPU.ActiveCfg = Release|Any CPU
		{1BF62AF5-FE98-45D3-B902-B86FE606B029}.Release|Any CPU.Build.0 = Release|Any CPU
		{322D7E90-CDFE-4F13-AD1A-80899F1435F0}.Debug|Any CPU.ActiveCfg = Debug|Any CPU
		{322D7E90-CDFE-4F13-AD1A-80899F1435F0}.Debug|Any CPU.Build.0 = Debug|Any CPU
		{322D7E90-CDFE-4F13-AD1A-80899F1435F0}.Release|Any CPU.ActiveCfg = Release|Any CPU
		{322D7E90-CDFE-4F13-AD1A-80899F1435F0}.Release|Any CPU.Build.0 = Release|Any CPU
		{0C692812-2175-4F7E-8415-016DBF2C8841}.Debug|Any CPU.ActiveCfg = Debug|Any CPU
		{0C692812-2175-4F7E-8415-016DBF2C8841}.Debug|Any CPU.Build.0 = Debug|Any CPU
		{0C692812-2175-4F7E-8415-016DBF2C8841}.Release|Any CPU.ActiveCfg = Release|Any CPU
		{0C692812-2175-4F7E-8415-016DBF2C8841}.Release|Any CPU.Build.0 = Release|Any CPU
		{DBB0A173-A048-425A-9BEA-318D3047DA35}.Debug|Any CPU.ActiveCfg = Debug|Any CPU
		{DBB0A173-A048-425A-9BEA-318D3047DA35}.Debug|Any CPU.Build.0 = Debug|Any CPU
		{DBB0A173-A048-425A-9BEA-318D3047DA35}.Release|Any CPU.ActiveCfg = Release|Any CPU
		{DBB0A173-A048-425A-9BEA-318D3047DA35}.Release|Any CPU.Build.0 = Release|Any CPU
		{8825B880-F4FA-45A8-ADD8-D61AAB4AB055}.Debug|Any CPU.ActiveCfg = Debug|Any CPU
		{8825B880-F4FA-45A8-ADD8-D61AAB4AB055}.Debug|Any CPU.Build.0 = Debug|Any CPU
		{8825B880-F4FA-45A8-ADD8-D61AAB4AB055}.Release|Any CPU.ActiveCfg = Release|Any CPU
		{8825B880-F4FA-45A8-ADD8-D61AAB4AB055}.Release|Any CPU.Build.0 = Release|Any CPU
	EndGlobalSection
EndGlobal
